
Microsoft Visual Studio Solution File, Format Version 12.00
# Visual Studio Version 17
VisualStudioVersion = 17.11.35327.3
MinimumVisualStudioVersion = 10.0.40219.1
Project("{FAE04EC0-301F-11D3-BF4B-00C04F79EFBC}") = "UrbaniaBackend", "UrbaniaBackend.csproj", "{8929E361-D54C-48DB-A843-A9B87C82640A}"
EndProject
Global
	GlobalSection(SolutionConfigurationPlatforms) = preSolution
		Debug|Any CPU = Debug|Any CPU
		Release|Any CPU = Release|Any CPU
	EndGlobalSection
	GlobalSection(ProjectConfigurationPlatforms) = postSolution
		{8929E361-D54C-48DB-A843-A9B87C82640A}.Debug|Any CPU.ActiveCfg = Debug|Any CPU
		{8929E361-D54C-48DB-A843-A9B87C82640A}.Debug|Any CPU.Build.0 = Debug|Any CPU
		{8929E361-D54C-48DB-A843-A9B87C82640A}.Release|Any CPU.ActiveCfg = Release|Any CPU
		{8929E361-D54C-48DB-A843-A9B87C82640A}.Release|Any CPU.Build.0 = Release|Any CPU
	EndGlobalSection
	GlobalSection(SolutionProperties) = preSolution
		HideSolutionNode = FALSE
	EndGlobalSection
	GlobalSection(ExtensibilityGlobals) = postSolution
		SolutionGuid = {A9648E30-9D50-4DFC-B9EF-A3016232E6A4}
	EndGlobalSection
EndGlobal
